
Microsoft Visual Studio Solution File, Format Version 12.00
# Visual Studio Version 16
VisualStudioVersion = 16.0.30204.135
MinimumVisualStudioVersion = 10.0.40219.1
Project("{8BC9CEB8-8B4A-11D0-8D11-00A0C91BC942}") = "Project6", "Project6\Project6.vcxproj", "{DAFA1404-C564-44C9-BDFB-A007C0E2D290}"
EndProject
Project("{8BC9CEB8-8B4A-11D0-8D11-00A0C91BC942}") = "project", "main.cpp\main.cpp.vcxproj", "{CA97FFAE-ACD5-49BA-913E-125A2CF07DB6}"
EndProject
Project("{8BC9CEB8-8B4A-11D0-8D11-00A0C91BC942}") = "Project1", "Project1\Project1.vcxproj", "{71E57753-BAFE-4F71-889D-83438FEE7E93}"
EndProject
Project("{8BC9CEB8-8B4A-11D0-8D11-00A0C91BC942}") = "Project2", "Project2\Project2.vcxproj", "{2AFFBA98-5B3C-45BD-B5F3-5141C692B7BF}"
EndProject
Project("{8BC9CEB8-8B4A-11D0-8D11-00A0C91BC942}") = "Project3", "Project3\Project3.vcxproj", "{7BE19FFA-8962-4718-B252-8A72D7369EA0}"
EndProject
Project("{8BC9CEB8-8B4A-11D0-8D11-00A0C91BC942}") = "cpp_printf", "cpp_printf\cpp_printf.vcxproj", "{62905F94-B7E9-4145-B465-86C35C697C00}"
EndProject
Project("{8BC9CEB8-8B4A-11D0-8D11-00A0C91BC942}") = "산술연산자", "산술연산자\산술연산자.vcxproj", "{29B1AFED-9313-44FC-8A4D-781AAD307B3F}"
EndProject
Global
	GlobalSection(SolutionConfigurationPlatforms) = preSolution
		Debug|x64 = Debug|x64
		Debug|x86 = Debug|x86
		Release|x64 = Release|x64
		Release|x86 = Release|x86
	EndGlobalSection
	GlobalSection(ProjectConfigurationPlatforms) = postSolution
		{DAFA1404-C564-44C9-BDFB-A007C0E2D290}.Debug|x64.ActiveCfg = Debug|x64
		{DAFA1404-C564-44C9-BDFB-A007C0E2D290}.Debug|x64.Build.0 = Debug|x64
		{DAFA1404-C564-44C9-BDFB-A007C0E2D290}.Debug|x86.ActiveCfg = Debug|Win32
		{DAFA1404-C564-44C9-BDFB-A007C0E2D290}.Debug|x86.Build.0 = Debug|Win32
		{DAFA1404-C564-44C9-BDFB-A007C0E2D290}.Release|x64.ActiveCfg = Release|x64
		{DAFA1404-C564-44C9-BDFB-A007C0E2D290}.Release|x64.Build.0 = Release|x64
		{DAFA1404-C564-44C9-BDFB-A007C0E2D290}.Release|x86.ActiveCfg = Release|Win32
		{DAFA1404-C564-44C9-BDFB-A007C0E2D290}.Release|x86.Build.0 = Release|Win32
		{CA97FFAE-ACD5-49BA-913E-125A2CF07DB6}.Debug|x64.ActiveCfg = Debug|x64
		{CA97FFAE-ACD5-49BA-913E-125A2CF07DB6}.Debug|x64.Build.0 = Debug|x64
		{CA97FFAE-ACD5-49BA-913E-125A2CF07DB6}.Debug|x86.ActiveCfg = Debug|Win32
		{CA97FFAE-ACD5-49BA-913E-125A2CF07DB6}.Debug|x86.Build.0 = Debug|Win32
		{CA97FFAE-ACD5-49BA-913E-125A2CF07DB6}.Release|x64.ActiveCfg = Release|x64
		{CA97FFAE-ACD5-49BA-913E-125A2CF07DB6}.Release|x64.Build.0 = Release|x64
		{CA97FFAE-ACD5-49BA-913E-125A2CF07DB6}.Release|x86.ActiveCfg = Release|Win32
		{CA97FFAE-ACD5-49BA-913E-125A2CF07DB6}.Release|x86.Build.0 = Release|Win32
		{71E57753-BAFE-4F71-889D-83438FEE7E93}.Debug|x64.ActiveCfg = Debug|x64
		{71E57753-BAFE-4F71-889D-83438FEE7E93}.Debug|x64.Build.0 = Debug|x64
		{71E57753-BAFE-4F71-889D-83438FEE7E93}.Debug|x86.ActiveCfg = Debug|Win32
		{71E57753-BAFE-4F71-889D-83438FEE7E93}.Debug|x86.Build.0 = Debug|Win32
		{71E57753-BAFE-4F71-889D-83438FEE7E93}.Release|x64.ActiveCfg = Release|x64
		{71E57753-BAFE-4F71-889D-83438FEE7E93}.Release|x64.Build.0 = Release|x64
		{71E57753-BAFE-4F71-889D-83438FEE7E93}.Release|x86.ActiveCfg = Release|Win32
		{71E57753-BAFE-4F71-889D-83438FEE7E93}.Release|x86.Build.0 = Release|Win32
		{2AFFBA98-5B3C-45BD-B5F3-5141C692B7BF}.Debug|x64.ActiveCfg = Debug|x64
		{2AFFBA98-5B3C-45BD-B5F3-5141C692B7BF}.Debug|x64.Build.0 = Debug|x64
		{2AFFBA98-5B3C-45BD-B5F3-5141C692B7BF}.Debug|x86.ActiveCfg = Debug|Win32
		{2AFFBA98-5B3C-45BD-B5F3-5141C692B7BF}.Debug|x86.Build.0 = Debug|Win32
		{2AFFBA98-5B3C-45BD-B5F3-5141C692B7BF}.Release|x64.ActiveCfg = Release|x64
		{2AFFBA98-5B3C-45BD-B5F3-5141C692B7BF}.Release|x64.Build.0 = Release|x64
		{2AFFBA98-5B3C-45BD-B5F3-5141C692B7BF}.Release|x86.ActiveCfg = Release|Win32
		{2AFFBA98-5B3C-45BD-B5F3-5141C692B7BF}.Release|x86.Build.0 = Release|Win32
		{7BE19FFA-8962-4718-B252-8A72D7369EA0}.Debug|x64.ActiveCfg = Debug|x64
		{7BE19FFA-8962-4718-B252-8A72D7369EA0}.Debug|x64.Build.0 = Debug|x64
		{7BE19FFA-8962-4718-B252-8A72D7369EA0}.Debug|x86.ActiveCfg = Debug|Win32
		{7BE19FFA-8962-4718-B252-8A72D7369EA0}.Debug|x86.Build.0 = Debug|Win32
		{7BE19FFA-8962-4718-B252-8A72D7369EA0}.Release|x64.ActiveCfg = Release|x64
		{7BE19FFA-8962-4718-B252-8A72D7369EA0}.Release|x64.Build.0 = Release|x64
		{7BE19FFA-8962-4718-B252-8A72D7369EA0}.Release|x86.ActiveCfg = Release|Win32
		{7BE19FFA-8962-4718-B252-8A72D7369EA0}.Release|x86.Build.0 = Release|Win32
		{62905F94-B7E9-4145-B465-86C35C697C00}.Debug|x64.ActiveCfg = Debug|x64
		{62905F94-B7E9-4145-B465-86C35C697C00}.Debug|x64.Build.0 = Debug|x64
		{62905F94-B7E9-4145-B465-86C35C697C00}.Debug|x86.ActiveCfg = Debug|Win32
		{62905F94-B7E9-4145-B465-86C35C697C00}.Debug|x86.Build.0 = Debug|Win32
		{62905F94-B7E9-4145-B465-86C35C697C00}.Release|x64.ActiveCfg = Release|x64
		{62905F94-B7E9-4145-B465-86C35C697C00}.Release|x64.Build.0 = Release|x64
		{62905F94-B7E9-4145-B465-86C35C697C00}.Release|x86.ActiveCfg = Release|Win32
		{62905F94-B7E9-4145-B465-86C35C697C00}.Release|x86.Build.0 = Release|Win32
		{29B1AFED-9313-44FC-8A4D-781AAD307B3F}.Debug|x64.ActiveCfg = Debug|x64
		{29B1AFED-9313-44FC-8A4D-781AAD307B3F}.Debug|x64.Build.0 = Debug|x64
		{29B1AFED-9313-44FC-8A4D-781AAD307B3F}.Debug|x86.ActiveCfg = Debug|Win32
		{29B1AFED-9313-44FC-8A4D-781AAD307B3F}.Debug|x86.Build.0 = Debug|Win32
		{29B1AFED-9313-44FC-8A4D-781AAD307B3F}.Release|x64.ActiveCfg = Release|x64
		{29B1AFED-9313-44FC-8A4D-781AAD307B3F}.Release|x64.Build.0 = Release|x64
		{29B1AFED-9313-44FC-8A4D-781AAD307B3F}.Release|x86.ActiveCfg = Release|Win32
		{29B1AFED-9313-44FC-8A4D-781AAD307B3F}.Release|x86.Build.0 = Release|Win32
	EndGlobalSection
	GlobalSection(SolutionProperties) = preSolution
		HideSolutionNode = FALSE
	EndGlobalSection
	GlobalSection(ExtensibilityGlobals) = postSolution
		SolutionGuid = {299084C2-7312-443E-8DA4-F810136A2F24}
	EndGlobalSection
EndGlobal
