
Microsoft Visual Studio Solution File, Format Version 12.00
# Visual Studio Version 16
VisualStudioVersion = 16.0.30204.135
MinimumVisualStudioVersion = 10.0.40219.1
Project("{8BC9CEB8-8B4A-11D0-8D11-00A0C91BC942}") = "Project6", "Project6\Project6.vcxproj", "{DAFA1404-C564-44C9-BDFB-A007C0E2D290}"
EndProject
Project("{8BC9CEB8-8B4A-11D0-8D11-00A0C91BC942}") = "project", "main.cpp\main.cpp.vcxproj", "{CA97FFAE-ACD5-49BA-913E-125A2CF07DB6}"
EndProject
Project("{8BC9CEB8-8B4A-11D0-8D11-00A0C91BC942}") = "Project1", "Project1\Project1.vcxproj", "{71E57753-BAFE-4F71-889D-83438FEE7E93}"
EndProject
Project("{8BC9CEB8-8B4A-11D0-8D11-00A0C91BC942}") = "Project2", "Project2\Project2.vcxproj", "{2AFFBA98-5B3C-45BD-B5F3-5141C692B7BF}"
EndProject
Project("{8BC9CEB8-8B4A-11D0-8D11-00A0C91BC942}") = "Project3", "Project3\Project3.vcxproj", "{7BE19FFA-8962-4718-B252-8A72D7369EA0}"
EndProject
Project("{8BC9CEB8-8B4A-11D0-8D11-00A0C91BC942}") = "cpp_printf", "cpp_printf\cpp_printf.vcxproj", "{62905F94-B7E9-4145-B465-86C35C697C00}"
EndProject
Project("{8BC9CEB8-8B4A-11D0-8D11-00A0C91BC942}") = "산술연산자", "산술연산자\산술연산자.vcxproj", "{29B1AFED-9313-44FC-8A4D-781AAD307B3F}"
EndProject
Project("{8BC9CEB8-8B4A-11D0-8D11-00A0C91BC942}") = "논리 연산자", "논리 연산자\논리 연산자.vcxproj", "{7E23DBCC-81EA-4F65-AE73-F6E8ABC001F8}"
EndProject
Project("{8BC9CEB8-8B4A-11D0-8D11-00A0C91BC942}") = "비트 연산자", "비트 연산자\비트 연산자.vcxproj", "{6432B6BD-FBB0-499E-8202-02748B7BC1B9}"
EndProject
Project("{8BC9CEB8-8B4A-11D0-8D11-00A0C91BC942}") = "기타연산자", "기타연산자\기타연산자.vcxproj", "{7F3D2260-5380-4A5E-B8AF-0BEBF45EF5B2}"
EndProject
Project("{8BC9CEB8-8B4A-11D0-8D11-00A0C91BC942}") = "Project4", "Project4\Project4.vcxproj", "{F521D772-D268-4FA4-8D77-4A3204CB9D89}"
EndProject
Project("{8BC9CEB8-8B4A-11D0-8D11-00A0C91BC942}") = "goto문", "Project5\Project5.vcxproj", "{DBDF9149-2F9C-4387-8A24-FA71DF47AA25}"
EndProject
Project("{8BC9CEB8-8B4A-11D0-8D11-00A0C91BC942}") = "배열", "배열\배열.vcxproj", "{B20500A1-A3B5-42B5-B508-FEF3F1C9FAB0}"
EndProject
Project("{8BC9CEB8-8B4A-11D0-8D11-00A0C91BC942}") = "다차원배열", "다차원배열\다차원배열.vcxproj", "{10E048FF-6099-4554-AA55-66741E6B20A3}"
EndProject
Project("{8BC9CEB8-8B4A-11D0-8D11-00A0C91BC942}") = "문자열", "문자열\문자열.vcxproj", "{29F08B24-D5DB-45A8-993A-21ED922321D7}"
EndProject
Global
	GlobalSection(SolutionConfigurationPlatforms) = preSolution
		Debug|x64 = Debug|x64
		Debug|x86 = Debug|x86
		Release|x64 = Release|x64
		Release|x86 = Release|x86
	EndGlobalSection
	GlobalSection(ProjectConfigurationPlatforms) = postSolution
		{DAFA1404-C564-44C9-BDFB-A007C0E2D290}.Debug|x64.ActiveCfg = Debug|x64
		{DAFA1404-C564-44C9-BDFB-A007C0E2D290}.Debug|x64.Build.0 = Debug|x64
		{DAFA1404-C564-44C9-BDFB-A007C0E2D290}.Debug|x86.ActiveCfg = Debug|Win32
		{DAFA1404-C564-44C9-BDFB-A007C0E2D290}.Debug|x86.Build.0 = Debug|Win32
		{DAFA1404-C564-44C9-BDFB-A007C0E2D290}.Release|x64.ActiveCfg = Release|x64
		{DAFA1404-C564-44C9-BDFB-A007C0E2D290}.Release|x64.Build.0 = Release|x64
		{DAFA1404-C564-44C9-BDFB-A007C0E2D290}.Release|x86.ActiveCfg = Release|Win32
		{DAFA1404-C564-44C9-BDFB-A007C0E2D290}.Release|x86.Build.0 = Release|Win32
		{CA97FFAE-ACD5-49BA-913E-125A2CF07DB6}.Debug|x64.ActiveCfg = Debug|x64
		{CA97FFAE-ACD5-49BA-913E-125A2CF07DB6}.Debug|x64.Build.0 = Debug|x64
		{CA97FFAE-ACD5-49BA-913E-125A2CF07DB6}.Debug|x86.ActiveCfg = Debug|Win32
		{CA97FFAE-ACD5-49BA-913E-125A2CF07DB6}.Debug|x86.Build.0 = Debug|Win32
		{CA97FFAE-ACD5-49BA-913E-125A2CF07DB6}.Release|x64.ActiveCfg = Release|x64
		{CA97FFAE-ACD5-49BA-913E-125A2CF07DB6}.Release|x64.Build.0 = Release|x64
		{CA97FFAE-ACD5-49BA-913E-125A2CF07DB6}.Release|x86.ActiveCfg = Release|Win32
		{CA97FFAE-ACD5-49BA-913E-125A2CF07DB6}.Release|x86.Build.0 = Release|Win32
		{71E57753-BAFE-4F71-889D-83438FEE7E93}.Debug|x64.ActiveCfg = Debug|x64
		{71E57753-BAFE-4F71-889D-83438FEE7E93}.Debug|x64.Build.0 = Debug|x64
		{71E57753-BAFE-4F71-889D-83438FEE7E93}.Debug|x86.ActiveCfg = Debug|Win32
		{71E57753-BAFE-4F71-889D-83438FEE7E93}.Debug|x86.Build.0 = Debug|Win32
		{71E57753-BAFE-4F71-889D-83438FEE7E93}.Release|x64.ActiveCfg = Release|x64
		{71E57753-BAFE-4F71-889D-83438FEE7E93}.Release|x64.Build.0 = Release|x64
		{71E57753-BAFE-4F71-889D-83438FEE7E93}.Release|x86.ActiveCfg = Release|Win32
		{71E57753-BAFE-4F71-889D-83438FEE7E93}.Release|x86.Build.0 = Release|Win32
		{2AFFBA98-5B3C-45BD-B5F3-5141C692B7BF}.Debug|x64.ActiveCfg = Debug|x64
		{2AFFBA98-5B3C-45BD-B5F3-5141C692B7BF}.Debug|x64.Build.0 = Debug|x64
		{2AFFBA98-5B3C-45BD-B5F3-5141C692B7BF}.Debug|x86.ActiveCfg = Debug|Win32
		{2AFFBA98-5B3C-45BD-B5F3-5141C692B7BF}.Debug|x86.Build.0 = Debug|Win32
		{2AFFBA98-5B3C-45BD-B5F3-5141C692B7BF}.Release|x64.ActiveCfg = Release|x64
		{2AFFBA98-5B3C-45BD-B5F3-5141C692B7BF}.Release|x64.Build.0 = Release|x64
		{2AFFBA98-5B3C-45BD-B5F3-5141C692B7BF}.Release|x86.ActiveCfg = Release|Win32
		{2AFFBA98-5B3C-45BD-B5F3-5141C692B7BF}.Release|x86.Build.0 = Release|Win32
		{7BE19FFA-8962-4718-B252-8A72D7369EA0}.Debug|x64.ActiveCfg = Debug|x64
		{7BE19FFA-8962-4718-B252-8A72D7369EA0}.Debug|x64.Build.0 = Debug|x64
		{7BE19FFA-8962-4718-B252-8A72D7369EA0}.Debug|x86.ActiveCfg = Debug|Win32
		{7BE19FFA-8962-4718-B252-8A72D7369EA0}.Debug|x86.Build.0 = Debug|Win32
		{7BE19FFA-8962-4718-B252-8A72D7369EA0}.Release|x64.ActiveCfg = Release|x64
		{7BE19FFA-8962-4718-B252-8A72D7369EA0}.Release|x64.Build.0 = Release|x64
		{7BE19FFA-8962-4718-B252-8A72D7369EA0}.Release|x86.ActiveCfg = Release|Win32
		{7BE19FFA-8962-4718-B252-8A72D7369EA0}.Release|x86.Build.0 = Release|Win32
		{62905F94-B7E9-4145-B465-86C35C697C00}.Debug|x64.ActiveCfg = Debug|x64
		{62905F94-B7E9-4145-B465-86C35C697C00}.Debug|x64.Build.0 = Debug|x64
		{62905F94-B7E9-4145-B465-86C35C697C00}.Debug|x86.ActiveCfg = Debug|Win32
		{62905F94-B7E9-4145-B465-86C35C697C00}.Debug|x86.Build.0 = Debug|Win32
		{62905F94-B7E9-4145-B465-86C35C697C00}.Release|x64.ActiveCfg = Release|x64
		{62905F94-B7E9-4145-B465-86C35C697C00}.Release|x64.Build.0 = Release|x64
		{62905F94-B7E9-4145-B465-86C35C697C00}.Release|x86.ActiveCfg = Release|Win32
		{62905F94-B7E9-4145-B465-86C35C697C00}.Release|x86.Build.0 = Release|Win32
		{29B1AFED-9313-44FC-8A4D-781AAD307B3F}.Debug|x64.ActiveCfg = Debug|x64
		{29B1AFED-9313-44FC-8A4D-781AAD307B3F}.Debug|x64.Build.0 = Debug|x64
		{29B1AFED-9313-44FC-8A4D-781AAD307B3F}.Debug|x86.ActiveCfg = Debug|Win32
		{29B1AFED-9313-44FC-8A4D-781AAD307B3F}.Debug|x86.Build.0 = Debug|Win32
		{29B1AFED-9313-44FC-8A4D-781AAD307B3F}.Release|x64.ActiveCfg = Release|x64
		{29B1AFED-9313-44FC-8A4D-781AAD307B3F}.Release|x64.Build.0 = Release|x64
		{29B1AFED-9313-44FC-8A4D-781AAD307B3F}.Release|x86.ActiveCfg = Release|Win32
		{29B1AFED-9313-44FC-8A4D-781AAD307B3F}.Release|x86.Build.0 = Release|Win32
		{7E23DBCC-81EA-4F65-AE73-F6E8ABC001F8}.Debug|x64.ActiveCfg = Debug|x64
		{7E23DBCC-81EA-4F65-AE73-F6E8ABC001F8}.Debug|x64.Build.0 = Debug|x64
		{7E23DBCC-81EA-4F65-AE73-F6E8ABC001F8}.Debug|x86.ActiveCfg = Debug|Win32
		{7E23DBCC-81EA-4F65-AE73-F6E8ABC001F8}.Debug|x86.Build.0 = Debug|Win32
		{7E23DBCC-81EA-4F65-AE73-F6E8ABC001F8}.Release|x64.ActiveCfg = Release|x64
		{7E23DBCC-81EA-4F65-AE73-F6E8ABC001F8}.Release|x64.Build.0 = Release|x64
		{7E23DBCC-81EA-4F65-AE73-F6E8ABC001F8}.Release|x86.ActiveCfg = Release|Win32
		{7E23DBCC-81EA-4F65-AE73-F6E8ABC001F8}.Release|x86.Build.0 = Release|Win32
		{6432B6BD-FBB0-499E-8202-02748B7BC1B9}.Debug|x64.ActiveCfg = Debug|x64
		{6432B6BD-FBB0-499E-8202-02748B7BC1B9}.Debug|x64.Build.0 = Debug|x64
		{6432B6BD-FBB0-499E-8202-02748B7BC1B9}.Debug|x86.ActiveCfg = Debug|Win32
		{6432B6BD-FBB0-499E-8202-02748B7BC1B9}.Debug|x86.Build.0 = Debug|Win32
		{6432B6BD-FBB0-499E-8202-02748B7BC1B9}.Release|x64.ActiveCfg = Release|x64
		{6432B6BD-FBB0-499E-8202-02748B7BC1B9}.Release|x64.Build.0 = Release|x64
		{6432B6BD-FBB0-499E-8202-02748B7BC1B9}.Release|x86.ActiveCfg = Release|Win32
		{6432B6BD-FBB0-499E-8202-02748B7BC1B9}.Release|x86.Build.0 = Release|Win32
		{7F3D2260-5380-4A5E-B8AF-0BEBF45EF5B2}.Debug|x64.ActiveCfg = Debug|x64
		{7F3D2260-5380-4A5E-B8AF-0BEBF45EF5B2}.Debug|x64.Build.0 = Debug|x64
		{7F3D2260-5380-4A5E-B8AF-0BEBF45EF5B2}.Debug|x86.ActiveCfg = Debug|Win32
		{7F3D2260-5380-4A5E-B8AF-0BEBF45EF5B2}.Debug|x86.Build.0 = Debug|Win32
		{7F3D2260-5380-4A5E-B8AF-0BEBF45EF5B2}.Release|x64.ActiveCfg = Release|x64
		{7F3D2260-5380-4A5E-B8AF-0BEBF45EF5B2}.Release|x64.Build.0 = Release|x64
		{7F3D2260-5380-4A5E-B8AF-0BEBF45EF5B2}.Release|x86.ActiveCfg = Release|Win32
		{7F3D2260-5380-4A5E-B8AF-0BEBF45EF5B2}.Release|x86.Build.0 = Release|Win32
		{F521D772-D268-4FA4-8D77-4A3204CB9D89}.Debug|x64.ActiveCfg = Debug|x64
		{F521D772-D268-4FA4-8D77-4A3204CB9D89}.Debug|x64.Build.0 = Debug|x64
		{F521D772-D268-4FA4-8D77-4A3204CB9D89}.Debug|x86.ActiveCfg = Debug|Win32
		{F521D772-D268-4FA4-8D77-4A3204CB9D89}.Debug|x86.Build.0 = Debug|Win32
		{F521D772-D268-4FA4-8D77-4A3204CB9D89}.Release|x64.ActiveCfg = Release|x64
		{F521D772-D268-4FA4-8D77-4A3204CB9D89}.Release|x64.Build.0 = Release|x64
		{F521D772-D268-4FA4-8D77-4A3204CB9D89}.Release|x86.ActiveCfg = Release|Win32
		{F521D772-D268-4FA4-8D77-4A3204CB9D89}.Release|x86.Build.0 = Release|Win32
		{DBDF9149-2F9C-4387-8A24-FA71DF47AA25}.Debug|x64.ActiveCfg = Debug|x64
		{DBDF9149-2F9C-4387-8A24-FA71DF47AA25}.Debug|x64.Build.0 = Debug|x64
		{DBDF9149-2F9C-4387-8A24-FA71DF47AA25}.Debug|x86.ActiveCfg = Debug|Win32
		{DBDF9149-2F9C-4387-8A24-FA71DF47AA25}.Debug|x86.Build.0 = Debug|Win32
		{DBDF9149-2F9C-4387-8A24-FA71DF47AA25}.Release|x64.ActiveCfg = Release|x64
		{DBDF9149-2F9C-4387-8A24-FA71DF47AA25}.Release|x64.Build.0 = Release|x64
		{DBDF9149-2F9C-4387-8A24-FA71DF47AA25}.Release|x86.ActiveCfg = Release|Win32
		{DBDF9149-2F9C-4387-8A24-FA71DF47AA25}.Release|x86.Build.0 = Release|Win32
		{B20500A1-A3B5-42B5-B508-FEF3F1C9FAB0}.Debug|x64.ActiveCfg = Debug|x64
		{B20500A1-A3B5-42B5-B508-FEF3F1C9FAB0}.Debug|x64.Build.0 = Debug|x64
		{B20500A1-A3B5-42B5-B508-FEF3F1C9FAB0}.Debug|x86.ActiveCfg = Debug|Win32
		{B20500A1-A3B5-42B5-B508-FEF3F1C9FAB0}.Debug|x86.Build.0 = Debug|Win32
		{B20500A1-A3B5-42B5-B508-FEF3F1C9FAB0}.Release|x64.ActiveCfg = Release|x64
		{B20500A1-A3B5-42B5-B508-FEF3F1C9FAB0}.Release|x64.Build.0 = Release|x64
		{B20500A1-A3B5-42B5-B508-FEF3F1C9FAB0}.Release|x86.ActiveCfg = Release|Win32
		{B20500A1-A3B5-42B5-B508-FEF3F1C9FAB0}.Release|x86.Build.0 = Release|Win32
		{10E048FF-6099-4554-AA55-66741E6B20A3}.Debug|x64.ActiveCfg = Debug|x64
		{10E048FF-6099-4554-AA55-66741E6B20A3}.Debug|x64.Build.0 = Debug|x64
		{10E048FF-6099-4554-AA55-66741E6B20A3}.Debug|x86.ActiveCfg = Debug|Win32
		{10E048FF-6099-4554-AA55-66741E6B20A3}.Debug|x86.Build.0 = Debug|Win32
		{10E048FF-6099-4554-AA55-66741E6B20A3}.Release|x64.ActiveCfg = Release|x64
		{10E048FF-6099-4554-AA55-66741E6B20A3}.Release|x64.Build.0 = Release|x64
		{10E048FF-6099-4554-AA55-66741E6B20A3}.Release|x86.ActiveCfg = Release|Win32
		{10E048FF-6099-4554-AA55-66741E6B20A3}.Release|x86.Build.0 = Release|Win32
		{29F08B24-D5DB-45A8-993A-21ED922321D7}.Debug|x64.ActiveCfg = Debug|x64
		{29F08B24-D5DB-45A8-993A-21ED922321D7}.Debug|x64.Build.0 = Debug|x64
		{29F08B24-D5DB-45A8-993A-21ED922321D7}.Debug|x86.ActiveCfg = Debug|Win32
		{29F08B24-D5DB-45A8-993A-21ED922321D7}.Debug|x86.Build.0 = Debug|Win32
		{29F08B24-D5DB-45A8-993A-21ED922321D7}.Release|x64.ActiveCfg = Release|x64
		{29F08B24-D5DB-45A8-993A-21ED922321D7}.Release|x64.Build.0 = Release|x64
		{29F08B24-D5DB-45A8-993A-21ED922321D7}.Release|x86.ActiveCfg = Release|Win32
		{29F08B24-D5DB-45A8-993A-21ED922321D7}.Release|x86.Build.0 = Release|Win32
	EndGlobalSection
	GlobalSection(SolutionProperties) = preSolution
		HideSolutionNode = FALSE
	EndGlobalSection
	GlobalSection(ExtensibilityGlobals) = postSolution
		SolutionGuid = {299084C2-7312-443E-8DA4-F810136A2F24}
	EndGlobalSection
EndGlobal
